
Microsoft Visual Studio Solution File, Format Version 12.00
Project("{2150E333-8FDC-42A3-9474-1A3956D46DE8}") = "src", "src", "{FFAA3CEF-E14F-46B5-BF4E-72F45D1DB880}"
EndProject
Project("{2150E333-8FDC-42A3-9474-1A3956D46DE8}") = "Modules", "Modules", "{8F05F7CF-FF4B-4E36-A99D-959F98270E79}"
EndProject
Project("{2150E333-8FDC-42A3-9474-1A3956D46DE8}") = "Common", "Common", "{CA05C0C9-5293-4CFC-8B76-B0D9549532F4}"
EndProject
Project("{2150E333-8FDC-42A3-9474-1A3956D46DE8}") = "Booking", "Booking", "{07E2A2B0-9D49-4C95-A770-94EC75755A30}"
EndProject
Project("{FAE04EC0-301F-11D3-BF4B-00C04F79EFBC}") = "Application", "Modules\Booking\Application\Application.csproj", "{340E6B3F-5430-4A1B-89C7-FABC7C7CC5EC}"
EndProject
Project("{FAE04EC0-301F-11D3-BF4B-00C04F79EFBC}") = "Domain", "Modules\Booking\Domain\Domain.csproj", "{F8E0B0D5-2451-4004-90C1-B5D30B09F49E}"
EndProject
Project("{FAE04EC0-301F-11D3-BF4B-00C04F79EFBC}") = "Infrastructure", "Modules\Booking\Infrastructure\Infrastructure.csproj", "{2F7C8A6A-7724-4BB6-BA99-2C76DBA9FAFF}"
EndProject
Project("{2150E333-8FDC-42A3-9474-1A3956D46DE8}") = "API", "API", "{E4384D72-BF0D-4CAF-82E6-84FD182122CE}"
EndProject
Project("{FAE04EC0-301F-11D3-BF4B-00C04F79EFBC}") = "HotelBooking.API", "API\HotelBooking.API\HotelBooking.API.csproj", "{6687CE26-2B82-4DA8-AD0F-3620101D35C5}"
EndProject
Project("{2150E333-8FDC-42A3-9474-1A3956D46DE8}") = "UserManagement", "UserManagement", "{A761DED4-1F31-4BDE-BCAE-5F46F07ED0B2}"
EndProject
Project("{FAE04EC0-301F-11D3-BF4B-00C04F79EFBC}") = "UserManagment.Domain", "Modules\UserManagment\UserManagment.Domain\UserManagment.Domain.csproj", "{03B40ED2-39FC-4961-8E5E-3838BD3393B6}"
EndProject
Project("{FAE04EC0-301F-11D3-BF4B-00C04F79EFBC}") = "UserManagment.Application", "Modules\UserManagment\UserManagment.Application\UserManagment.Application.csproj", "{7F7E365D-A51B-4BCD-825A-E665243E5C63}"
EndProject
Project("{FAE04EC0-301F-11D3-BF4B-00C04F79EFBC}") = "UserManagment.Infrastructure", "Modules\UserManagment\UserManagment.Infrastructure\UserManagment.Infrastructure.csproj", "{FA189A1A-D1F8-4477-860A-2B549B7FD27B}"
EndProject
Project("{2150E333-8FDC-42A3-9474-1A3956D46DE8}") = "RoomManagement", "RoomManagement", "{C2EE8187-4FD7-4D8E-BD19-114AD31081A9}"
EndProject
Project("{2150E333-8FDC-42A3-9474-1A3956D46DE8}") = "Search", "Search", "{841341A5-0414-4290-9B18-9728735F8C69}"
EndProject
Project("{2150E333-8FDC-42A3-9474-1A3956D46DE8}") = "Payment", "Payment", "{96988A88-32CC-403C-AFEB-FFE13072387A}"
EndProject
Project("{2150E333-8FDC-42A3-9474-1A3956D46DE8}") = "Facilities", "Facilities", "{9731F2CB-0B29-43DA-AB78-649FF7C6998E}"
EndProject
Project("{2150E333-8FDC-42A3-9474-1A3956D46DE8}") = "Communication", "Communication", "{6FF4F250-8D59-4FA2-89DC-256190C2BA50}"
EndProject
Project("{2150E333-8FDC-42A3-9474-1A3956D46DE8}") = "Notification", "Notification", "{EEAEF5E7-3300-4FD0-9935-0C8F294614DD}"
EndProject
Project("{2150E333-8FDC-42A3-9474-1A3956D46DE8}") = "AdminPanel", "AdminPanel", "{7A911C75-2A40-4C79-85CC-C835E019D009}"
EndProject
Project("{2150E333-8FDC-42A3-9474-1A3956D46DE8}") = "BuildingBlocks", "BuildingBlocks", "{C05F65ED-15CE-45D0-A996-247C4DF150DF}"
EndProject
Project("{FAE04EC0-301F-11D3-BF4B-00C04F79EFBC}") = "Core", "Common\BuildingBlock\Core\Core.csproj", "{7D012776-5019-4DC7-A93B-2AD69D73127D}"
EndProject
Project("{FAE04EC0-301F-11D3-BF4B-00C04F79EFBC}") = "IntegrationEvents", "Modules\Booking\IntegrationEvents\IntegrationEvents.csproj", "{3838B527-E08E-430E-AFB4-4181224BBF8C}"
EndProject
Global
	GlobalSection(SolutionConfigurationPlatforms) = preSolution
		Debug|Any CPU = Debug|Any CPU
		Release|Any CPU = Release|Any CPU
	EndGlobalSection
	GlobalSection(ProjectConfigurationPlatforms) = postSolution
		{340E6B3F-5430-4A1B-89C7-FABC7C7CC5EC}.Debug|Any CPU.ActiveCfg = Debug|Any CPU
		{340E6B3F-5430-4A1B-89C7-FABC7C7CC5EC}.Debug|Any CPU.Build.0 = Debug|Any CPU
		{340E6B3F-5430-4A1B-89C7-FABC7C7CC5EC}.Release|Any CPU.ActiveCfg = Release|Any CPU
		{340E6B3F-5430-4A1B-89C7-FABC7C7CC5EC}.Release|Any CPU.Build.0 = Release|Any CPU
		{F8E0B0D5-2451-4004-90C1-B5D30B09F49E}.Debug|Any CPU.ActiveCfg = Debug|Any CPU
		{F8E0B0D5-2451-4004-90C1-B5D30B09F49E}.Debug|Any CPU.Build.0 = Debug|Any CPU
		{F8E0B0D5-2451-4004-90C1-B5D30B09F49E}.Release|Any CPU.ActiveCfg = Release|Any CPU
		{F8E0B0D5-2451-4004-90C1-B5D30B09F49E}.Release|Any CPU.Build.0 = Release|Any CPU
		{2F7C8A6A-7724-4BB6-BA99-2C76DBA9FAFF}.Debug|Any CPU.ActiveCfg = Debug|Any CPU
		{2F7C8A6A-7724-4BB6-BA99-2C76DBA9FAFF}.Debug|Any CPU.Build.0 = Debug|Any CPU
		{2F7C8A6A-7724-4BB6-BA99-2C76DBA9FAFF}.Release|Any CPU.ActiveCfg = Release|Any CPU
		{2F7C8A6A-7724-4BB6-BA99-2C76DBA9FAFF}.Release|Any CPU.Build.0 = Release|Any CPU
		{6687CE26-2B82-4DA8-AD0F-3620101D35C5}.Debug|Any CPU.ActiveCfg = Debug|Any CPU
		{6687CE26-2B82-4DA8-AD0F-3620101D35C5}.Debug|Any CPU.Build.0 = Debug|Any CPU
		{6687CE26-2B82-4DA8-AD0F-3620101D35C5}.Release|Any CPU.ActiveCfg = Release|Any CPU
		{6687CE26-2B82-4DA8-AD0F-3620101D35C5}.Release|Any CPU.Build.0 = Release|Any CPU
		{03B40ED2-39FC-4961-8E5E-3838BD3393B6}.Debug|Any CPU.ActiveCfg = Debug|Any CPU
		{03B40ED2-39FC-4961-8E5E-3838BD3393B6}.Debug|Any CPU.Build.0 = Debug|Any CPU
		{03B40ED2-39FC-4961-8E5E-3838BD3393B6}.Release|Any CPU.ActiveCfg = Release|Any CPU
		{03B40ED2-39FC-4961-8E5E-3838BD3393B6}.Release|Any CPU.Build.0 = Release|Any CPU
		{7F7E365D-A51B-4BCD-825A-E665243E5C63}.Debug|Any CPU.ActiveCfg = Debug|Any CPU
		{7F7E365D-A51B-4BCD-825A-E665243E5C63}.Debug|Any CPU.Build.0 = Debug|Any CPU
		{7F7E365D-A51B-4BCD-825A-E665243E5C63}.Release|Any CPU.ActiveCfg = Release|Any CPU
		{7F7E365D-A51B-4BCD-825A-E665243E5C63}.Release|Any CPU.Build.0 = Release|Any CPU
		{FA189A1A-D1F8-4477-860A-2B549B7FD27B}.Debug|Any CPU.ActiveCfg = Debug|Any CPU
		{FA189A1A-D1F8-4477-860A-2B549B7FD27B}.Debug|Any CPU.Build.0 = Debug|Any CPU
		{FA189A1A-D1F8-4477-860A-2B549B7FD27B}.Release|Any CPU.ActiveCfg = Release|Any CPU
		{FA189A1A-D1F8-4477-860A-2B549B7FD27B}.Release|Any CPU.Build.0 = Release|Any CPU
		{7D012776-5019-4DC7-A93B-2AD69D73127D}.Debug|Any CPU.ActiveCfg = Debug|Any CPU
		{7D012776-5019-4DC7-A93B-2AD69D73127D}.Debug|Any CPU.Build.0 = Debug|Any CPU
		{7D012776-5019-4DC7-A93B-2AD69D73127D}.Release|Any CPU.ActiveCfg = Release|Any CPU
		{7D012776-5019-4DC7-A93B-2AD69D73127D}.Release|Any CPU.Build.0 = Release|Any CPU
		{3838B527-E08E-430E-AFB4-4181224BBF8C}.Debug|Any CPU.ActiveCfg = Debug|Any CPU
		{3838B527-E08E-430E-AFB4-4181224BBF8C}.Debug|Any CPU.Build.0 = Debug|Any CPU
		{3838B527-E08E-430E-AFB4-4181224BBF8C}.Release|Any CPU.ActiveCfg = Release|Any CPU
		{3838B527-E08E-430E-AFB4-4181224BBF8C}.Release|Any CPU.Build.0 = Release|Any CPU
	EndGlobalSection
	GlobalSection(NestedProjects) = preSolution
		{8F05F7CF-FF4B-4E36-A99D-959F98270E79} = {FFAA3CEF-E14F-46B5-BF4E-72F45D1DB880}
		{CA05C0C9-5293-4CFC-8B76-B0D9549532F4} = {FFAA3CEF-E14F-46B5-BF4E-72F45D1DB880}
		{07E2A2B0-9D49-4C95-A770-94EC75755A30} = {8F05F7CF-FF4B-4E36-A99D-959F98270E79}
		{340E6B3F-5430-4A1B-89C7-FABC7C7CC5EC} = {07E2A2B0-9D49-4C95-A770-94EC75755A30}
		{F8E0B0D5-2451-4004-90C1-B5D30B09F49E} = {07E2A2B0-9D49-4C95-A770-94EC75755A30}
		{2F7C8A6A-7724-4BB6-BA99-2C76DBA9FAFF} = {07E2A2B0-9D49-4C95-A770-94EC75755A30}
		{E4384D72-BF0D-4CAF-82E6-84FD182122CE} = {FFAA3CEF-E14F-46B5-BF4E-72F45D1DB880}
		{6687CE26-2B82-4DA8-AD0F-3620101D35C5} = {E4384D72-BF0D-4CAF-82E6-84FD182122CE}
		{A761DED4-1F31-4BDE-BCAE-5F46F07ED0B2} = {8F05F7CF-FF4B-4E36-A99D-959F98270E79}
		{03B40ED2-39FC-4961-8E5E-3838BD3393B6} = {A761DED4-1F31-4BDE-BCAE-5F46F07ED0B2}
		{7F7E365D-A51B-4BCD-825A-E665243E5C63} = {A761DED4-1F31-4BDE-BCAE-5F46F07ED0B2}
		{FA189A1A-D1F8-4477-860A-2B549B7FD27B} = {A761DED4-1F31-4BDE-BCAE-5F46F07ED0B2}
		{C2EE8187-4FD7-4D8E-BD19-114AD31081A9} = {8F05F7CF-FF4B-4E36-A99D-959F98270E79}
		{841341A5-0414-4290-9B18-9728735F8C69} = {8F05F7CF-FF4B-4E36-A99D-959F98270E79}
		{96988A88-32CC-403C-AFEB-FFE13072387A} = {8F05F7CF-FF4B-4E36-A99D-959F98270E79}
		{9731F2CB-0B29-43DA-AB78-649FF7C6998E} = {8F05F7CF-FF4B-4E36-A99D-959F98270E79}
		{6FF4F250-8D59-4FA2-89DC-256190C2BA50} = {8F05F7CF-FF4B-4E36-A99D-959F98270E79}
		{EEAEF5E7-3300-4FD0-9935-0C8F294614DD} = {8F05F7CF-FF4B-4E36-A99D-959F98270E79}
		{7A911C75-2A40-4C79-85CC-C835E019D009} = {8F05F7CF-FF4B-4E36-A99D-959F98270E79}
		{C05F65ED-15CE-45D0-A996-247C4DF150DF} = {CA05C0C9-5293-4CFC-8B76-B0D9549532F4}
		{7D012776-5019-4DC7-A93B-2AD69D73127D} = {C05F65ED-15CE-45D0-A996-247C4DF150DF}
		{3838B527-E08E-430E-AFB4-4181224BBF8C} = {07E2A2B0-9D49-4C95-A770-94EC75755A30}
	EndGlobalSection
EndGlobal
