
Microsoft Visual Studio Solution File, Format Version 12.00
Project("{2150E333-8FDC-42A3-9474-1A3956D46DE8}") = "src", "src", "{FFAA3CEF-E14F-46B5-BF4E-72F45D1DB880}"
EndProject
Project("{2150E333-8FDC-42A3-9474-1A3956D46DE8}") = "Modules", "Modules", "{8F05F7CF-FF4B-4E36-A99D-959F98270E79}"
EndProject
Project("{2150E333-8FDC-42A3-9474-1A3956D46DE8}") = "Common", "Common", "{CA05C0C9-5293-4CFC-8B76-B0D9549532F4}"
EndProject
Project("{2150E333-8FDC-42A3-9474-1A3956D46DE8}") = "Bookings", "Bookings", "{07E2A2B0-9D49-4C95-A770-94EC75755A30}"
EndProject
Project("{2150E333-8FDC-42A3-9474-1A3956D46DE8}") = "API", "API", "{E4384D72-BF0D-4CAF-82E6-84FD182122CE}"
EndProject
Project("{FAE04EC0-301F-11D3-BF4B-00C04F79EFBC}") = "HotelBooking.API", "API\HotelBooking.API\HotelBooking.API.csproj", "{6687CE26-2B82-4DA8-AD0F-3620101D35C5}"
EndProject
Project("{2150E333-8FDC-42A3-9474-1A3956D46DE8}") = "Notifications", "Notifications", "{EEAEF5E7-3300-4FD0-9935-0C8F294614DD}"
EndProject
Project("{2150E333-8FDC-42A3-9474-1A3956D46DE8}") = "BuildingBlocks", "BuildingBlocks", "{C05F65ED-15CE-45D0-A996-247C4DF150DF}"
EndProject
Project("{2150E333-8FDC-42A3-9474-1A3956D46DE8}") = "SharedKernel", "SharedKernel", "{255EC108-84FD-43A7-ADCD-B40B7CA759A5}"
EndProject
Project("{FAE04EC0-301F-11D3-BF4B-00C04F79EFBC}") = "Application", "Common\BuildingBlocks\Application\Application.csproj", "{5A0DC0ED-9AF2-4C47-8AAE-697A40EAC3F3}"
EndProject
Project("{FAE04EC0-301F-11D3-BF4B-00C04F79EFBC}") = "Domain", "Common\BuildingBlocks\Domain\Domain.csproj", "{79F9AD88-D910-44D8-A424-8C825A7D8090}"
EndProject
Project("{FAE04EC0-301F-11D3-BF4B-00C04F79EFBC}") = "Infrastructure", "Common\BuildingBlocks\Infrastructure\Infrastructure.csproj", "{4975B5F5-6659-4539-8C03-969B466F464A}"
EndProject
Project("{FAE04EC0-301F-11D3-BF4B-00C04F79EFBC}") = "SharedKernel", "SharedKernel\SharedKernel.csproj", "{E882F121-61CC-453F-9C5C-00434EF0F66E}"
EndProject
Project("{2150E333-8FDC-42A3-9474-1A3956D46DE8}") = "Payments", "Payments", "{7CBB6833-AF67-4BC5-8451-6A2DAD69B1B2}"
EndProject
Project("{2150E333-8FDC-42A3-9474-1A3956D46DE8}") = "Users", "Users", "{C598FB58-B483-4D34-B066-52360143F9CD}"
EndProject
Project("{FAE04EC0-301F-11D3-BF4B-00C04F79EFBC}") = "Bookings.Application", "Modules\Bookings\Bookings.Application\Bookings.Application.csproj", "{C9282242-7D4A-4B19-8052-379015C59C0D}"
EndProject
Project("{FAE04EC0-301F-11D3-BF4B-00C04F79EFBC}") = "Bookings.Domain", "Modules\Bookings\Bookings.Domain\Bookings.Domain.csproj", "{D3B8DBCB-44C2-4D11-BE60-A24CA910742B}"
EndProject
Project("{FAE04EC0-301F-11D3-BF4B-00C04F79EFBC}") = "Bookings.Infrastructure", "Modules\Bookings\Bookings.Infrastructure\Bookings.Infrastructure.csproj", "{98E3555F-6687-4697-B1B1-B69B0B3E40D3}"
EndProject
Project("{FAE04EC0-301F-11D3-BF4B-00C04F79EFBC}") = "Bookings.IntegrationEvents", "Modules\Bookings\Bookings.IntegrationEvents\Bookings.IntegrationEvents.csproj", "{E35160ED-E6AF-4E43-A90B-821E3B486992}"
EndProject
Project("{FAE04EC0-301F-11D3-BF4B-00C04F79EFBC}") = "Payments.Domain", "Modules\Payments\Payments.Domain\Payments.Domain.csproj", "{3279D0BD-C33E-4F2E-8B66-28AE8A4E7488}"
EndProject
Project("{FAE04EC0-301F-11D3-BF4B-00C04F79EFBC}") = "Payments.Infrastructure", "Modules\Payments\Payments.Infrastructure\Payments.Infrastructure.csproj", "{1DC51CBC-93F4-4AC2-BC51-6FDEBDD39A60}"
EndProject
Project("{FAE04EC0-301F-11D3-BF4B-00C04F79EFBC}") = "Payments.IntegrationEvents", "Modules\Payments\Payments.IntegrationEvents\Payments.IntegrationEvents.csproj", "{462AF641-8075-4172-8D2B-A72F3FAE5608}"
EndProject
Project("{FAE04EC0-301F-11D3-BF4B-00C04F79EFBC}") = "Payments.Application", "Modules\Payments\Payments.Application\Payments.Application.csproj", "{57293545-5FC2-48DF-B81B-09352D3B3473}"
EndProject
Project("{FAE04EC0-301F-11D3-BF4B-00C04F79EFBC}") = "Users.Application", "Modules\Users\Users.Application\Users.Application.csproj", "{ECDC8D41-AE7A-4FD1-927D-39961030095D}"
EndProject
Project("{FAE04EC0-301F-11D3-BF4B-00C04F79EFBC}") = "Users.Domain", "Modules\Users\Users.Domain\Users.Domain.csproj", "{9A226428-DCDA-441B-A504-CF766165C336}"
EndProject
Project("{FAE04EC0-301F-11D3-BF4B-00C04F79EFBC}") = "Users.Infrastructure", "Modules\Users\Users.Infrastructure\Users.Infrastructure.csproj", "{6C1E3349-F064-4FB0-8528-E5F8B8FC0C9D}"
EndProject
Project("{2150E333-8FDC-42A3-9474-1A3956D46DE8}") = "Reviews", "Reviews", "{ECEBDE95-44EB-4015-B165-2CAB704EC595}"
EndProject
Project("{2150E333-8FDC-42A3-9474-1A3956D46DE8}") = "Accommodations", "Accommodations", "{E9A84562-B304-4789-936B-35DCFD2E316E}"
EndProject
Project("{FAE04EC0-301F-11D3-BF4B-00C04F79EFBC}") = "Accommodations.Domain", "Modules\Accommodations\Accommodations.Domain\Accommodations.Domain.csproj", "{63A69395-41CF-4F55-83E5-C66B4DE435E0}"
EndProject
Project("{FAE04EC0-301F-11D3-BF4B-00C04F79EFBC}") = "Accommodations.Application", "Modules\Accommodations\Accommodations.Application\Accommodations.Application.csproj", "{647E87EC-DE90-46C3-BE4E-A93F168D85AF}"
EndProject
Project("{FAE04EC0-301F-11D3-BF4B-00C04F79EFBC}") = "Accommodations.Infrastructure", "Modules\Accommodations\Accommodations.Infrastructure\Accommodations.Infrastructure.csproj", "{D8549F2E-6F84-42AE-B944-8699ECBE65D5}"
EndProject
Project("{FAE04EC0-301F-11D3-BF4B-00C04F79EFBC}") = "Accommodations.IntegrationEvent", "Modules\Accommodations\Accommodations.IntegrationEvent\Accommodations.IntegrationEvent.csproj", "{FA09E539-13CF-4D9A-BED3-2220C08169A9}"
EndProject
Project("{FAE04EC0-301F-11D3-BF4B-00C04F79EFBC}") = "Notifications.Domain", "Modules\Notifications\Notifications.Domain\Notifications.Domain.csproj", "{44154CAA-4B1E-452F-A893-B8DAAF320266}"
EndProject
Project("{FAE04EC0-301F-11D3-BF4B-00C04F79EFBC}") = "Reviews.Domain", "Modules\Reviews\Reviews.Domain\Reviews.Domain.csproj", "{43A7FA3C-F451-441D-A82B-5571E6C930F0}"
EndProject
Global
	GlobalSection(SolutionConfigurationPlatforms) = preSolution
		Debug|Any CPU = Debug|Any CPU
		Release|Any CPU = Release|Any CPU
	EndGlobalSection
	GlobalSection(ProjectConfigurationPlatforms) = postSolution
		{6687CE26-2B82-4DA8-AD0F-3620101D35C5}.Debug|Any CPU.ActiveCfg = Debug|Any CPU
		{6687CE26-2B82-4DA8-AD0F-3620101D35C5}.Debug|Any CPU.Build.0 = Debug|Any CPU
		{6687CE26-2B82-4DA8-AD0F-3620101D35C5}.Release|Any CPU.ActiveCfg = Release|Any CPU
		{6687CE26-2B82-4DA8-AD0F-3620101D35C5}.Release|Any CPU.Build.0 = Release|Any CPU
		{5A0DC0ED-9AF2-4C47-8AAE-697A40EAC3F3}.Debug|Any CPU.ActiveCfg = Debug|Any CPU
		{5A0DC0ED-9AF2-4C47-8AAE-697A40EAC3F3}.Debug|Any CPU.Build.0 = Debug|Any CPU
		{5A0DC0ED-9AF2-4C47-8AAE-697A40EAC3F3}.Release|Any CPU.ActiveCfg = Release|Any CPU
		{5A0DC0ED-9AF2-4C47-8AAE-697A40EAC3F3}.Release|Any CPU.Build.0 = Release|Any CPU
		{79F9AD88-D910-44D8-A424-8C825A7D8090}.Debug|Any CPU.ActiveCfg = Debug|Any CPU
		{79F9AD88-D910-44D8-A424-8C825A7D8090}.Debug|Any CPU.Build.0 = Debug|Any CPU
		{79F9AD88-D910-44D8-A424-8C825A7D8090}.Release|Any CPU.ActiveCfg = Release|Any CPU
		{79F9AD88-D910-44D8-A424-8C825A7D8090}.Release|Any CPU.Build.0 = Release|Any CPU
		{4975B5F5-6659-4539-8C03-969B466F464A}.Debug|Any CPU.ActiveCfg = Debug|Any CPU
		{4975B5F5-6659-4539-8C03-969B466F464A}.Debug|Any CPU.Build.0 = Debug|Any CPU
		{4975B5F5-6659-4539-8C03-969B466F464A}.Release|Any CPU.ActiveCfg = Release|Any CPU
		{4975B5F5-6659-4539-8C03-969B466F464A}.Release|Any CPU.Build.0 = Release|Any CPU
		{E882F121-61CC-453F-9C5C-00434EF0F66E}.Debug|Any CPU.ActiveCfg = Debug|Any CPU
		{E882F121-61CC-453F-9C5C-00434EF0F66E}.Debug|Any CPU.Build.0 = Debug|Any CPU
		{E882F121-61CC-453F-9C5C-00434EF0F66E}.Release|Any CPU.ActiveCfg = Release|Any CPU
		{E882F121-61CC-453F-9C5C-00434EF0F66E}.Release|Any CPU.Build.0 = Release|Any CPU
		{C9282242-7D4A-4B19-8052-379015C59C0D}.Debug|Any CPU.ActiveCfg = Debug|Any CPU
		{C9282242-7D4A-4B19-8052-379015C59C0D}.Debug|Any CPU.Build.0 = Debug|Any CPU
		{C9282242-7D4A-4B19-8052-379015C59C0D}.Release|Any CPU.ActiveCfg = Release|Any CPU
		{C9282242-7D4A-4B19-8052-379015C59C0D}.Release|Any CPU.Build.0 = Release|Any CPU
		{D3B8DBCB-44C2-4D11-BE60-A24CA910742B}.Debug|Any CPU.ActiveCfg = Debug|Any CPU
		{D3B8DBCB-44C2-4D11-BE60-A24CA910742B}.Debug|Any CPU.Build.0 = Debug|Any CPU
		{D3B8DBCB-44C2-4D11-BE60-A24CA910742B}.Release|Any CPU.ActiveCfg = Release|Any CPU
		{D3B8DBCB-44C2-4D11-BE60-A24CA910742B}.Release|Any CPU.Build.0 = Release|Any CPU
		{98E3555F-6687-4697-B1B1-B69B0B3E40D3}.Debug|Any CPU.ActiveCfg = Debug|Any CPU
		{98E3555F-6687-4697-B1B1-B69B0B3E40D3}.Debug|Any CPU.Build.0 = Debug|Any CPU
		{98E3555F-6687-4697-B1B1-B69B0B3E40D3}.Release|Any CPU.ActiveCfg = Release|Any CPU
		{98E3555F-6687-4697-B1B1-B69B0B3E40D3}.Release|Any CPU.Build.0 = Release|Any CPU
		{E35160ED-E6AF-4E43-A90B-821E3B486992}.Debug|Any CPU.ActiveCfg = Debug|Any CPU
		{E35160ED-E6AF-4E43-A90B-821E3B486992}.Debug|Any CPU.Build.0 = Debug|Any CPU
		{E35160ED-E6AF-4E43-A90B-821E3B486992}.Release|Any CPU.ActiveCfg = Release|Any CPU
		{E35160ED-E6AF-4E43-A90B-821E3B486992}.Release|Any CPU.Build.0 = Release|Any CPU
		{3279D0BD-C33E-4F2E-8B66-28AE8A4E7488}.Debug|Any CPU.ActiveCfg = Debug|Any CPU
		{3279D0BD-C33E-4F2E-8B66-28AE8A4E7488}.Debug|Any CPU.Build.0 = Debug|Any CPU
		{3279D0BD-C33E-4F2E-8B66-28AE8A4E7488}.Release|Any CPU.ActiveCfg = Release|Any CPU
		{3279D0BD-C33E-4F2E-8B66-28AE8A4E7488}.Release|Any CPU.Build.0 = Release|Any CPU
		{1DC51CBC-93F4-4AC2-BC51-6FDEBDD39A60}.Debug|Any CPU.ActiveCfg = Debug|Any CPU
		{1DC51CBC-93F4-4AC2-BC51-6FDEBDD39A60}.Debug|Any CPU.Build.0 = Debug|Any CPU
		{1DC51CBC-93F4-4AC2-BC51-6FDEBDD39A60}.Release|Any CPU.ActiveCfg = Release|Any CPU
		{1DC51CBC-93F4-4AC2-BC51-6FDEBDD39A60}.Release|Any CPU.Build.0 = Release|Any CPU
		{462AF641-8075-4172-8D2B-A72F3FAE5608}.Debug|Any CPU.ActiveCfg = Debug|Any CPU
		{462AF641-8075-4172-8D2B-A72F3FAE5608}.Debug|Any CPU.Build.0 = Debug|Any CPU
		{462AF641-8075-4172-8D2B-A72F3FAE5608}.Release|Any CPU.ActiveCfg = Release|Any CPU
		{462AF641-8075-4172-8D2B-A72F3FAE5608}.Release|Any CPU.Build.0 = Release|Any CPU
		{57293545-5FC2-48DF-B81B-09352D3B3473}.Debug|Any CPU.ActiveCfg = Debug|Any CPU
		{57293545-5FC2-48DF-B81B-09352D3B3473}.Debug|Any CPU.Build.0 = Debug|Any CPU
		{57293545-5FC2-48DF-B81B-09352D3B3473}.Release|Any CPU.ActiveCfg = Release|Any CPU
		{57293545-5FC2-48DF-B81B-09352D3B3473}.Release|Any CPU.Build.0 = Release|Any CPU
		{ECDC8D41-AE7A-4FD1-927D-39961030095D}.Debug|Any CPU.ActiveCfg = Debug|Any CPU
		{ECDC8D41-AE7A-4FD1-927D-39961030095D}.Debug|Any CPU.Build.0 = Debug|Any CPU
		{ECDC8D41-AE7A-4FD1-927D-39961030095D}.Release|Any CPU.ActiveCfg = Release|Any CPU
		{ECDC8D41-AE7A-4FD1-927D-39961030095D}.Release|Any CPU.Build.0 = Release|Any CPU
		{9A226428-DCDA-441B-A504-CF766165C336}.Debug|Any CPU.ActiveCfg = Debug|Any CPU
		{9A226428-DCDA-441B-A504-CF766165C336}.Debug|Any CPU.Build.0 = Debug|Any CPU
		{9A226428-DCDA-441B-A504-CF766165C336}.Release|Any CPU.ActiveCfg = Release|Any CPU
		{9A226428-DCDA-441B-A504-CF766165C336}.Release|Any CPU.Build.0 = Release|Any CPU
		{6C1E3349-F064-4FB0-8528-E5F8B8FC0C9D}.Debug|Any CPU.ActiveCfg = Debug|Any CPU
		{6C1E3349-F064-4FB0-8528-E5F8B8FC0C9D}.Debug|Any CPU.Build.0 = Debug|Any CPU
		{6C1E3349-F064-4FB0-8528-E5F8B8FC0C9D}.Release|Any CPU.ActiveCfg = Release|Any CPU
		{6C1E3349-F064-4FB0-8528-E5F8B8FC0C9D}.Release|Any CPU.Build.0 = Release|Any CPU
		{63A69395-41CF-4F55-83E5-C66B4DE435E0}.Debug|Any CPU.ActiveCfg = Debug|Any CPU
		{63A69395-41CF-4F55-83E5-C66B4DE435E0}.Debug|Any CPU.Build.0 = Debug|Any CPU
		{63A69395-41CF-4F55-83E5-C66B4DE435E0}.Release|Any CPU.ActiveCfg = Release|Any CPU
		{63A69395-41CF-4F55-83E5-C66B4DE435E0}.Release|Any CPU.Build.0 = Release|Any CPU
		{647E87EC-DE90-46C3-BE4E-A93F168D85AF}.Debug|Any CPU.ActiveCfg = Debug|Any CPU
		{647E87EC-DE90-46C3-BE4E-A93F168D85AF}.Debug|Any CPU.Build.0 = Debug|Any CPU
		{647E87EC-DE90-46C3-BE4E-A93F168D85AF}.Release|Any CPU.ActiveCfg = Release|Any CPU
		{647E87EC-DE90-46C3-BE4E-A93F168D85AF}.Release|Any CPU.Build.0 = Release|Any CPU
		{D8549F2E-6F84-42AE-B944-8699ECBE65D5}.Debug|Any CPU.ActiveCfg = Debug|Any CPU
		{D8549F2E-6F84-42AE-B944-8699ECBE65D5}.Debug|Any CPU.Build.0 = Debug|Any CPU
		{D8549F2E-6F84-42AE-B944-8699ECBE65D5}.Release|Any CPU.ActiveCfg = Release|Any CPU
		{D8549F2E-6F84-42AE-B944-8699ECBE65D5}.Release|Any CPU.Build.0 = Release|Any CPU
		{FA09E539-13CF-4D9A-BED3-2220C08169A9}.Debug|Any CPU.ActiveCfg = Debug|Any CPU
		{FA09E539-13CF-4D9A-BED3-2220C08169A9}.Debug|Any CPU.Build.0 = Debug|Any CPU
		{FA09E539-13CF-4D9A-BED3-2220C08169A9}.Release|Any CPU.ActiveCfg = Release|Any CPU
		{FA09E539-13CF-4D9A-BED3-2220C08169A9}.Release|Any CPU.Build.0 = Release|Any CPU
		{44154CAA-4B1E-452F-A893-B8DAAF320266}.Debug|Any CPU.ActiveCfg = Debug|Any CPU
		{44154CAA-4B1E-452F-A893-B8DAAF320266}.Debug|Any CPU.Build.0 = Debug|Any CPU
		{44154CAA-4B1E-452F-A893-B8DAAF320266}.Release|Any CPU.ActiveCfg = Release|Any CPU
		{44154CAA-4B1E-452F-A893-B8DAAF320266}.Release|Any CPU.Build.0 = Release|Any CPU
		{43A7FA3C-F451-441D-A82B-5571E6C930F0}.Debug|Any CPU.ActiveCfg = Debug|Any CPU
		{43A7FA3C-F451-441D-A82B-5571E6C930F0}.Debug|Any CPU.Build.0 = Debug|Any CPU
		{43A7FA3C-F451-441D-A82B-5571E6C930F0}.Release|Any CPU.ActiveCfg = Release|Any CPU
		{43A7FA3C-F451-441D-A82B-5571E6C930F0}.Release|Any CPU.Build.0 = Release|Any CPU
	EndGlobalSection
	GlobalSection(NestedProjects) = preSolution
		{8F05F7CF-FF4B-4E36-A99D-959F98270E79} = {FFAA3CEF-E14F-46B5-BF4E-72F45D1DB880}
		{CA05C0C9-5293-4CFC-8B76-B0D9549532F4} = {FFAA3CEF-E14F-46B5-BF4E-72F45D1DB880}
		{07E2A2B0-9D49-4C95-A770-94EC75755A30} = {8F05F7CF-FF4B-4E36-A99D-959F98270E79}
		{E4384D72-BF0D-4CAF-82E6-84FD182122CE} = {FFAA3CEF-E14F-46B5-BF4E-72F45D1DB880}
		{6687CE26-2B82-4DA8-AD0F-3620101D35C5} = {E4384D72-BF0D-4CAF-82E6-84FD182122CE}
		{EEAEF5E7-3300-4FD0-9935-0C8F294614DD} = {8F05F7CF-FF4B-4E36-A99D-959F98270E79}
		{C05F65ED-15CE-45D0-A996-247C4DF150DF} = {CA05C0C9-5293-4CFC-8B76-B0D9549532F4}
		{255EC108-84FD-43A7-ADCD-B40B7CA759A5} = {8F05F7CF-FF4B-4E36-A99D-959F98270E79}
		{5A0DC0ED-9AF2-4C47-8AAE-697A40EAC3F3} = {C05F65ED-15CE-45D0-A996-247C4DF150DF}
		{79F9AD88-D910-44D8-A424-8C825A7D8090} = {C05F65ED-15CE-45D0-A996-247C4DF150DF}
		{4975B5F5-6659-4539-8C03-969B466F464A} = {C05F65ED-15CE-45D0-A996-247C4DF150DF}
		{E882F121-61CC-453F-9C5C-00434EF0F66E} = {255EC108-84FD-43A7-ADCD-B40B7CA759A5}
		{7CBB6833-AF67-4BC5-8451-6A2DAD69B1B2} = {8F05F7CF-FF4B-4E36-A99D-959F98270E79}
		{C598FB58-B483-4D34-B066-52360143F9CD} = {8F05F7CF-FF4B-4E36-A99D-959F98270E79}
		{C9282242-7D4A-4B19-8052-379015C59C0D} = {07E2A2B0-9D49-4C95-A770-94EC75755A30}
		{D3B8DBCB-44C2-4D11-BE60-A24CA910742B} = {07E2A2B0-9D49-4C95-A770-94EC75755A30}
		{98E3555F-6687-4697-B1B1-B69B0B3E40D3} = {07E2A2B0-9D49-4C95-A770-94EC75755A30}
		{E35160ED-E6AF-4E43-A90B-821E3B486992} = {07E2A2B0-9D49-4C95-A770-94EC75755A30}
		{3279D0BD-C33E-4F2E-8B66-28AE8A4E7488} = {7CBB6833-AF67-4BC5-8451-6A2DAD69B1B2}
		{1DC51CBC-93F4-4AC2-BC51-6FDEBDD39A60} = {7CBB6833-AF67-4BC5-8451-6A2DAD69B1B2}
		{462AF641-8075-4172-8D2B-A72F3FAE5608} = {7CBB6833-AF67-4BC5-8451-6A2DAD69B1B2}
		{57293545-5FC2-48DF-B81B-09352D3B3473} = {7CBB6833-AF67-4BC5-8451-6A2DAD69B1B2}
		{ECDC8D41-AE7A-4FD1-927D-39961030095D} = {C598FB58-B483-4D34-B066-52360143F9CD}
		{9A226428-DCDA-441B-A504-CF766165C336} = {C598FB58-B483-4D34-B066-52360143F9CD}
		{6C1E3349-F064-4FB0-8528-E5F8B8FC0C9D} = {C598FB58-B483-4D34-B066-52360143F9CD}
		{ECEBDE95-44EB-4015-B165-2CAB704EC595} = {8F05F7CF-FF4B-4E36-A99D-959F98270E79}
		{E9A84562-B304-4789-936B-35DCFD2E316E} = {8F05F7CF-FF4B-4E36-A99D-959F98270E79}
		{63A69395-41CF-4F55-83E5-C66B4DE435E0} = {E9A84562-B304-4789-936B-35DCFD2E316E}
		{647E87EC-DE90-46C3-BE4E-A93F168D85AF} = {E9A84562-B304-4789-936B-35DCFD2E316E}
		{D8549F2E-6F84-42AE-B944-8699ECBE65D5} = {E9A84562-B304-4789-936B-35DCFD2E316E}
		{FA09E539-13CF-4D9A-BED3-2220C08169A9} = {E9A84562-B304-4789-936B-35DCFD2E316E}
		{44154CAA-4B1E-452F-A893-B8DAAF320266} = {EEAEF5E7-3300-4FD0-9935-0C8F294614DD}
		{43A7FA3C-F451-441D-A82B-5571E6C930F0} = {ECEBDE95-44EB-4015-B165-2CAB704EC595}
	EndGlobalSection
EndGlobal
