
Microsoft Visual Studio Solution File, Format Version 12.00
Project("{2150E333-8FDC-42A3-9474-1A3956D46DE8}") = "src", "src", "{FFAA3CEF-E14F-46B5-BF4E-72F45D1DB880}"
EndProject
Project("{2150E333-8FDC-42A3-9474-1A3956D46DE8}") = "Modules", "Modules", "{8F05F7CF-FF4B-4E36-A99D-959F98270E79}"
EndProject
Project("{2150E333-8FDC-42A3-9474-1A3956D46DE8}") = "Common", "Common", "{CA05C0C9-5293-4CFC-8B76-B0D9549532F4}"
EndProject
Project("{2150E333-8FDC-42A3-9474-1A3956D46DE8}") = "BookingManagement", "BookingManagement", "{07E2A2B0-9D49-4C95-A770-94EC75755A30}"
EndProject
Project("{2150E333-8FDC-42A3-9474-1A3956D46DE8}") = "API", "API", "{E4384D72-BF0D-4CAF-82E6-84FD182122CE}"
EndProject
Project("{FAE04EC0-301F-11D3-BF4B-00C04F79EFBC}") = "HotelBooking.API", "API\HotelBooking.API\HotelBooking.API.csproj", "{6687CE26-2B82-4DA8-AD0F-3620101D35C5}"
EndProject
Project("{2150E333-8FDC-42A3-9474-1A3956D46DE8}") = "Search", "Search", "{841341A5-0414-4290-9B18-9728735F8C69}"
EndProject
Project("{2150E333-8FDC-42A3-9474-1A3956D46DE8}") = "Facilities", "Facilities", "{9731F2CB-0B29-43DA-AB78-649FF7C6998E}"
EndProject
Project("{2150E333-8FDC-42A3-9474-1A3956D46DE8}") = "Communication", "Communication", "{6FF4F250-8D59-4FA2-89DC-256190C2BA50}"
EndProject
Project("{2150E333-8FDC-42A3-9474-1A3956D46DE8}") = "Notification", "Notification", "{EEAEF5E7-3300-4FD0-9935-0C8F294614DD}"
EndProject
Project("{2150E333-8FDC-42A3-9474-1A3956D46DE8}") = "AdminPanel", "AdminPanel", "{7A911C75-2A40-4C79-85CC-C835E019D009}"
EndProject
Project("{2150E333-8FDC-42A3-9474-1A3956D46DE8}") = "BuildingBlocks", "BuildingBlocks", "{C05F65ED-15CE-45D0-A996-247C4DF150DF}"
EndProject
Project("{FAE04EC0-301F-11D3-BF4B-00C04F79EFBC}") = "Facilities.Application", "Modules\Facilities\Facilities.Application\Facilities.Application.csproj", "{17D4BA05-9A46-4782-BE2D-1AF95F593575}"
EndProject
Project("{2150E333-8FDC-42A3-9474-1A3956D46DE8}") = "HotelManagement", "HotelManagement", "{EA0F8F1A-4D40-4C9F-87FD-B76CD5CF2540}"
EndProject
Project("{FAE04EC0-301F-11D3-BF4B-00C04F79EFBC}") = "Facilities.Domain", "Modules\Facilities\Facilities.Domain\Facilities.Domain.csproj", "{D43E901B-500B-4821-AFE5-A2AD02109366}"
EndProject
Project("{FAE04EC0-301F-11D3-BF4B-00C04F79EFBC}") = "Facilities.Infrastructure", "Modules\Facilities\Facilities.Infrastructure\Facilities.Infrastructure.csproj", "{87489F5E-5F2B-49A7-ADF7-1FA1996CD038}"
EndProject
Project("{2150E333-8FDC-42A3-9474-1A3956D46DE8}") = "SharedKernel", "SharedKernel", "{255EC108-84FD-43A7-ADCD-B40B7CA759A5}"
EndProject
Project("{FAE04EC0-301F-11D3-BF4B-00C04F79EFBC}") = "Application", "Common\BuildingBlocks\Application\Application.csproj", "{5A0DC0ED-9AF2-4C47-8AAE-697A40EAC3F3}"
EndProject
Project("{FAE04EC0-301F-11D3-BF4B-00C04F79EFBC}") = "Domain", "Common\BuildingBlocks\Domain\Domain.csproj", "{79F9AD88-D910-44D8-A424-8C825A7D8090}"
EndProject
Project("{FAE04EC0-301F-11D3-BF4B-00C04F79EFBC}") = "Infrastructure", "Common\BuildingBlocks\Infrastructure\Infrastructure.csproj", "{4975B5F5-6659-4539-8C03-969B466F464A}"
EndProject
Project("{FAE04EC0-301F-11D3-BF4B-00C04F79EFBC}") = "Booking.Application", "Modules\BookingManagement\Booking.Application\Booking.Application.csproj", "{6D19A267-76AE-491A-8579-FED5388A65B0}"
EndProject
Project("{FAE04EC0-301F-11D3-BF4B-00C04F79EFBC}") = "Booking.Domain", "Modules\BookingManagement\Booking.Domain\Booking.Domain.csproj", "{6D8EF173-E4D1-49D6-B4F0-07A708906303}"
EndProject
Project("{FAE04EC0-301F-11D3-BF4B-00C04F79EFBC}") = "Booking.Infrastructure", "Modules\BookingManagement\Booking.Infrastructure\Booking.Infrastructure.csproj", "{229C906A-52E3-479C-9596-23B847C04151}"
EndProject
Project("{FAE04EC0-301F-11D3-BF4B-00C04F79EFBC}") = "Booking.IntegrationEvents", "Modules\BookingManagement\Booking.IntegrationEvents\Booking.IntegrationEvents.csproj", "{55636DF6-607F-47FB-AFE4-10C39E80883C}"
EndProject
Project("{FAE04EC0-301F-11D3-BF4B-00C04F79EFBC}") = "HotelManagement.Application", "Modules\HotelManagement\HotelManagement.Application\HotelManagement.Application.csproj", "{73045EDC-4CDA-45D9-9168-3CF1605CA364}"
EndProject
Project("{FAE04EC0-301F-11D3-BF4B-00C04F79EFBC}") = "HotelManagement.Domain", "Modules\HotelManagement\HotelManagement.Domain\HotelManagement.Domain.csproj", "{852B733E-1D44-43A6-A96F-2086111F4985}"
EndProject
Project("{FAE04EC0-301F-11D3-BF4B-00C04F79EFBC}") = "HotelManagement.Infrastructure", "Modules\HotelManagement\HotelManagement.Infrastructure\HotelManagement.Infrastructure.csproj", "{44CE4620-AB89-42EA-83F4-1B040ED683EA}"
EndProject
Project("{FAE04EC0-301F-11D3-BF4B-00C04F79EFBC}") = "HotelManagement.IntegrationEvent", "Modules\HotelManagement\HotelManagement.IntegrationEvent\HotelManagement.IntegrationEvent.csproj", "{2CE69DDB-D0AB-4358-93A6-EEBC3C8D0435}"
EndProject
Project("{2150E333-8FDC-42A3-9474-1A3956D46DE8}") = "RoomManagement", "RoomManagement", "{1AB47C54-C953-4618-9974-7393BA898D72}"
EndProject
Project("{FAE04EC0-301F-11D3-BF4B-00C04F79EFBC}") = "RoomManagement.Application", "Modules\RoomManagement\RoomManagement.Application\RoomManagement.Application.csproj", "{2CD4622F-AC4F-4E39-8D1E-CD6918C38E84}"
EndProject
Project("{FAE04EC0-301F-11D3-BF4B-00C04F79EFBC}") = "RoomManagement.Domain", "Modules\RoomManagement\RoomManagement.Domain\RoomManagement.Domain.csproj", "{9C1FEB8C-1639-4F8C-9028-BD711EA8A175}"
EndProject
Project("{FAE04EC0-301F-11D3-BF4B-00C04F79EFBC}") = "RoomManagement.Infrastructure", "Modules\RoomManagement\RoomManagement.Infrastructure\RoomManagement.Infrastructure.csproj", "{B5A90787-06B6-4594-9C82-2250345DA8F4}"
EndProject
Project("{FAE04EC0-301F-11D3-BF4B-00C04F79EFBC}") = "RoomManagement.IntegrationEvent", "Modules\RoomManagement\RoomManagement.IntegrationEvent\RoomManagement.IntegrationEvent.csproj", "{6937F120-0D34-487F-A0AC-E7EA9C06C84C}"
EndProject
Project("{FAE04EC0-301F-11D3-BF4B-00C04F79EFBC}") = "SharedKernel", "SharedKernel\SharedKernel.csproj", "{E882F121-61CC-453F-9C5C-00434EF0F66E}"
EndProject
Project("{2150E333-8FDC-42A3-9474-1A3956D46DE8}") = "PaymentManagement", "PaymentManagement", "{7CBB6833-AF67-4BC5-8451-6A2DAD69B1B2}"
EndProject
Project("{FAE04EC0-301F-11D3-BF4B-00C04F79EFBC}") = "PaymentManagement.Application", "Modules\PaymentManagement\PaymentManagement.Application\PaymentManagement.Application.csproj", "{638D3068-D78A-4BF9-B0FC-F1BE7DAE55DC}"
EndProject
Project("{FAE04EC0-301F-11D3-BF4B-00C04F79EFBC}") = "PaymentManagement.Domain", "Modules\PaymentManagement\PaymentManagement.Domain\PaymentManagement.Domain.csproj", "{ECDDE968-AEFE-4ED4-BD3B-34F63162A5B6}"
EndProject
Project("{FAE04EC0-301F-11D3-BF4B-00C04F79EFBC}") = "PaymentManagement.Infrastructure", "Modules\PaymentManagement\PaymentManagement.Infrastructure\PaymentManagement.Infrastructure.csproj", "{1BF79E6C-C02A-412E-B466-80320C1E6500}"
EndProject
Project("{FAE04EC0-301F-11D3-BF4B-00C04F79EFBC}") = "PaymentManagement.IntegrationEvents", "Modules\PaymentManagement\PaymentManagement.IntegrationEvents\PaymentManagement.IntegrationEvents.csproj", "{E2D34E54-CB02-4B9A-B599-B7D82FC431F5}"
EndProject
Global
	GlobalSection(SolutionConfigurationPlatforms) = preSolution
		Debug|Any CPU = Debug|Any CPU
		Release|Any CPU = Release|Any CPU
	EndGlobalSection
	GlobalSection(ProjectConfigurationPlatforms) = postSolution
		{6687CE26-2B82-4DA8-AD0F-3620101D35C5}.Debug|Any CPU.ActiveCfg = Debug|Any CPU
		{6687CE26-2B82-4DA8-AD0F-3620101D35C5}.Debug|Any CPU.Build.0 = Debug|Any CPU
		{6687CE26-2B82-4DA8-AD0F-3620101D35C5}.Release|Any CPU.ActiveCfg = Release|Any CPU
		{6687CE26-2B82-4DA8-AD0F-3620101D35C5}.Release|Any CPU.Build.0 = Release|Any CPU
		{17D4BA05-9A46-4782-BE2D-1AF95F593575}.Debug|Any CPU.ActiveCfg = Debug|Any CPU
		{17D4BA05-9A46-4782-BE2D-1AF95F593575}.Debug|Any CPU.Build.0 = Debug|Any CPU
		{17D4BA05-9A46-4782-BE2D-1AF95F593575}.Release|Any CPU.ActiveCfg = Release|Any CPU
		{17D4BA05-9A46-4782-BE2D-1AF95F593575}.Release|Any CPU.Build.0 = Release|Any CPU
		{D43E901B-500B-4821-AFE5-A2AD02109366}.Debug|Any CPU.ActiveCfg = Debug|Any CPU
		{D43E901B-500B-4821-AFE5-A2AD02109366}.Debug|Any CPU.Build.0 = Debug|Any CPU
		{D43E901B-500B-4821-AFE5-A2AD02109366}.Release|Any CPU.ActiveCfg = Release|Any CPU
		{D43E901B-500B-4821-AFE5-A2AD02109366}.Release|Any CPU.Build.0 = Release|Any CPU
		{87489F5E-5F2B-49A7-ADF7-1FA1996CD038}.Debug|Any CPU.ActiveCfg = Debug|Any CPU
		{87489F5E-5F2B-49A7-ADF7-1FA1996CD038}.Debug|Any CPU.Build.0 = Debug|Any CPU
		{87489F5E-5F2B-49A7-ADF7-1FA1996CD038}.Release|Any CPU.ActiveCfg = Release|Any CPU
		{87489F5E-5F2B-49A7-ADF7-1FA1996CD038}.Release|Any CPU.Build.0 = Release|Any CPU
		{5A0DC0ED-9AF2-4C47-8AAE-697A40EAC3F3}.Debug|Any CPU.ActiveCfg = Debug|Any CPU
		{5A0DC0ED-9AF2-4C47-8AAE-697A40EAC3F3}.Debug|Any CPU.Build.0 = Debug|Any CPU
		{5A0DC0ED-9AF2-4C47-8AAE-697A40EAC3F3}.Release|Any CPU.ActiveCfg = Release|Any CPU
		{5A0DC0ED-9AF2-4C47-8AAE-697A40EAC3F3}.Release|Any CPU.Build.0 = Release|Any CPU
		{79F9AD88-D910-44D8-A424-8C825A7D8090}.Debug|Any CPU.ActiveCfg = Debug|Any CPU
		{79F9AD88-D910-44D8-A424-8C825A7D8090}.Debug|Any CPU.Build.0 = Debug|Any CPU
		{79F9AD88-D910-44D8-A424-8C825A7D8090}.Release|Any CPU.ActiveCfg = Release|Any CPU
		{79F9AD88-D910-44D8-A424-8C825A7D8090}.Release|Any CPU.Build.0 = Release|Any CPU
		{4975B5F5-6659-4539-8C03-969B466F464A}.Debug|Any CPU.ActiveCfg = Debug|Any CPU
		{4975B5F5-6659-4539-8C03-969B466F464A}.Debug|Any CPU.Build.0 = Debug|Any CPU
		{4975B5F5-6659-4539-8C03-969B466F464A}.Release|Any CPU.ActiveCfg = Release|Any CPU
		{4975B5F5-6659-4539-8C03-969B466F464A}.Release|Any CPU.Build.0 = Release|Any CPU
		{6D19A267-76AE-491A-8579-FED5388A65B0}.Debug|Any CPU.ActiveCfg = Debug|Any CPU
		{6D19A267-76AE-491A-8579-FED5388A65B0}.Debug|Any CPU.Build.0 = Debug|Any CPU
		{6D19A267-76AE-491A-8579-FED5388A65B0}.Release|Any CPU.ActiveCfg = Release|Any CPU
		{6D19A267-76AE-491A-8579-FED5388A65B0}.Release|Any CPU.Build.0 = Release|Any CPU
		{6D8EF173-E4D1-49D6-B4F0-07A708906303}.Debug|Any CPU.ActiveCfg = Debug|Any CPU
		{6D8EF173-E4D1-49D6-B4F0-07A708906303}.Debug|Any CPU.Build.0 = Debug|Any CPU
		{6D8EF173-E4D1-49D6-B4F0-07A708906303}.Release|Any CPU.ActiveCfg = Release|Any CPU
		{6D8EF173-E4D1-49D6-B4F0-07A708906303}.Release|Any CPU.Build.0 = Release|Any CPU
		{229C906A-52E3-479C-9596-23B847C04151}.Debug|Any CPU.ActiveCfg = Debug|Any CPU
		{229C906A-52E3-479C-9596-23B847C04151}.Debug|Any CPU.Build.0 = Debug|Any CPU
		{229C906A-52E3-479C-9596-23B847C04151}.Release|Any CPU.ActiveCfg = Release|Any CPU
		{229C906A-52E3-479C-9596-23B847C04151}.Release|Any CPU.Build.0 = Release|Any CPU
		{55636DF6-607F-47FB-AFE4-10C39E80883C}.Debug|Any CPU.ActiveCfg = Debug|Any CPU
		{55636DF6-607F-47FB-AFE4-10C39E80883C}.Debug|Any CPU.Build.0 = Debug|Any CPU
		{55636DF6-607F-47FB-AFE4-10C39E80883C}.Release|Any CPU.ActiveCfg = Release|Any CPU
		{55636DF6-607F-47FB-AFE4-10C39E80883C}.Release|Any CPU.Build.0 = Release|Any CPU
		{73045EDC-4CDA-45D9-9168-3CF1605CA364}.Debug|Any CPU.ActiveCfg = Debug|Any CPU
		{73045EDC-4CDA-45D9-9168-3CF1605CA364}.Debug|Any CPU.Build.0 = Debug|Any CPU
		{73045EDC-4CDA-45D9-9168-3CF1605CA364}.Release|Any CPU.ActiveCfg = Release|Any CPU
		{73045EDC-4CDA-45D9-9168-3CF1605CA364}.Release|Any CPU.Build.0 = Release|Any CPU
		{852B733E-1D44-43A6-A96F-2086111F4985}.Debug|Any CPU.ActiveCfg = Debug|Any CPU
		{852B733E-1D44-43A6-A96F-2086111F4985}.Debug|Any CPU.Build.0 = Debug|Any CPU
		{852B733E-1D44-43A6-A96F-2086111F4985}.Release|Any CPU.ActiveCfg = Release|Any CPU
		{852B733E-1D44-43A6-A96F-2086111F4985}.Release|Any CPU.Build.0 = Release|Any CPU
		{44CE4620-AB89-42EA-83F4-1B040ED683EA}.Debug|Any CPU.ActiveCfg = Debug|Any CPU
		{44CE4620-AB89-42EA-83F4-1B040ED683EA}.Debug|Any CPU.Build.0 = Debug|Any CPU
		{44CE4620-AB89-42EA-83F4-1B040ED683EA}.Release|Any CPU.ActiveCfg = Release|Any CPU
		{44CE4620-AB89-42EA-83F4-1B040ED683EA}.Release|Any CPU.Build.0 = Release|Any CPU
		{2CE69DDB-D0AB-4358-93A6-EEBC3C8D0435}.Debug|Any CPU.ActiveCfg = Debug|Any CPU
		{2CE69DDB-D0AB-4358-93A6-EEBC3C8D0435}.Debug|Any CPU.Build.0 = Debug|Any CPU
		{2CE69DDB-D0AB-4358-93A6-EEBC3C8D0435}.Release|Any CPU.ActiveCfg = Release|Any CPU
		{2CE69DDB-D0AB-4358-93A6-EEBC3C8D0435}.Release|Any CPU.Build.0 = Release|Any CPU
		{2CD4622F-AC4F-4E39-8D1E-CD6918C38E84}.Debug|Any CPU.ActiveCfg = Debug|Any CPU
		{2CD4622F-AC4F-4E39-8D1E-CD6918C38E84}.Debug|Any CPU.Build.0 = Debug|Any CPU
		{2CD4622F-AC4F-4E39-8D1E-CD6918C38E84}.Release|Any CPU.ActiveCfg = Release|Any CPU
		{2CD4622F-AC4F-4E39-8D1E-CD6918C38E84}.Release|Any CPU.Build.0 = Release|Any CPU
		{9C1FEB8C-1639-4F8C-9028-BD711EA8A175}.Debug|Any CPU.ActiveCfg = Debug|Any CPU
		{9C1FEB8C-1639-4F8C-9028-BD711EA8A175}.Debug|Any CPU.Build.0 = Debug|Any CPU
		{9C1FEB8C-1639-4F8C-9028-BD711EA8A175}.Release|Any CPU.ActiveCfg = Release|Any CPU
		{9C1FEB8C-1639-4F8C-9028-BD711EA8A175}.Release|Any CPU.Build.0 = Release|Any CPU
		{B5A90787-06B6-4594-9C82-2250345DA8F4}.Debug|Any CPU.ActiveCfg = Debug|Any CPU
		{B5A90787-06B6-4594-9C82-2250345DA8F4}.Debug|Any CPU.Build.0 = Debug|Any CPU
		{B5A90787-06B6-4594-9C82-2250345DA8F4}.Release|Any CPU.ActiveCfg = Release|Any CPU
		{B5A90787-06B6-4594-9C82-2250345DA8F4}.Release|Any CPU.Build.0 = Release|Any CPU
		{6937F120-0D34-487F-A0AC-E7EA9C06C84C}.Debug|Any CPU.ActiveCfg = Debug|Any CPU
		{6937F120-0D34-487F-A0AC-E7EA9C06C84C}.Debug|Any CPU.Build.0 = Debug|Any CPU
		{6937F120-0D34-487F-A0AC-E7EA9C06C84C}.Release|Any CPU.ActiveCfg = Release|Any CPU
		{6937F120-0D34-487F-A0AC-E7EA9C06C84C}.Release|Any CPU.Build.0 = Release|Any CPU
		{E882F121-61CC-453F-9C5C-00434EF0F66E}.Debug|Any CPU.ActiveCfg = Debug|Any CPU
		{E882F121-61CC-453F-9C5C-00434EF0F66E}.Debug|Any CPU.Build.0 = Debug|Any CPU
		{E882F121-61CC-453F-9C5C-00434EF0F66E}.Release|Any CPU.ActiveCfg = Release|Any CPU
		{E882F121-61CC-453F-9C5C-00434EF0F66E}.Release|Any CPU.Build.0 = Release|Any CPU
		{638D3068-D78A-4BF9-B0FC-F1BE7DAE55DC}.Debug|Any CPU.ActiveCfg = Debug|Any CPU
		{638D3068-D78A-4BF9-B0FC-F1BE7DAE55DC}.Debug|Any CPU.Build.0 = Debug|Any CPU
		{638D3068-D78A-4BF9-B0FC-F1BE7DAE55DC}.Release|Any CPU.ActiveCfg = Release|Any CPU
		{638D3068-D78A-4BF9-B0FC-F1BE7DAE55DC}.Release|Any CPU.Build.0 = Release|Any CPU
		{ECDDE968-AEFE-4ED4-BD3B-34F63162A5B6}.Debug|Any CPU.ActiveCfg = Debug|Any CPU
		{ECDDE968-AEFE-4ED4-BD3B-34F63162A5B6}.Debug|Any CPU.Build.0 = Debug|Any CPU
		{ECDDE968-AEFE-4ED4-BD3B-34F63162A5B6}.Release|Any CPU.ActiveCfg = Release|Any CPU
		{ECDDE968-AEFE-4ED4-BD3B-34F63162A5B6}.Release|Any CPU.Build.0 = Release|Any CPU
		{1BF79E6C-C02A-412E-B466-80320C1E6500}.Debug|Any CPU.ActiveCfg = Debug|Any CPU
		{1BF79E6C-C02A-412E-B466-80320C1E6500}.Debug|Any CPU.Build.0 = Debug|Any CPU
		{1BF79E6C-C02A-412E-B466-80320C1E6500}.Release|Any CPU.ActiveCfg = Release|Any CPU
		{1BF79E6C-C02A-412E-B466-80320C1E6500}.Release|Any CPU.Build.0 = Release|Any CPU
		{E2D34E54-CB02-4B9A-B599-B7D82FC431F5}.Debug|Any CPU.ActiveCfg = Debug|Any CPU
		{E2D34E54-CB02-4B9A-B599-B7D82FC431F5}.Debug|Any CPU.Build.0 = Debug|Any CPU
		{E2D34E54-CB02-4B9A-B599-B7D82FC431F5}.Release|Any CPU.ActiveCfg = Release|Any CPU
		{E2D34E54-CB02-4B9A-B599-B7D82FC431F5}.Release|Any CPU.Build.0 = Release|Any CPU
	EndGlobalSection
	GlobalSection(NestedProjects) = preSolution
		{8F05F7CF-FF4B-4E36-A99D-959F98270E79} = {FFAA3CEF-E14F-46B5-BF4E-72F45D1DB880}
		{CA05C0C9-5293-4CFC-8B76-B0D9549532F4} = {FFAA3CEF-E14F-46B5-BF4E-72F45D1DB880}
		{07E2A2B0-9D49-4C95-A770-94EC75755A30} = {8F05F7CF-FF4B-4E36-A99D-959F98270E79}
		{E4384D72-BF0D-4CAF-82E6-84FD182122CE} = {FFAA3CEF-E14F-46B5-BF4E-72F45D1DB880}
		{6687CE26-2B82-4DA8-AD0F-3620101D35C5} = {E4384D72-BF0D-4CAF-82E6-84FD182122CE}
		{841341A5-0414-4290-9B18-9728735F8C69} = {8F05F7CF-FF4B-4E36-A99D-959F98270E79}
		{9731F2CB-0B29-43DA-AB78-649FF7C6998E} = {8F05F7CF-FF4B-4E36-A99D-959F98270E79}
		{6FF4F250-8D59-4FA2-89DC-256190C2BA50} = {8F05F7CF-FF4B-4E36-A99D-959F98270E79}
		{EEAEF5E7-3300-4FD0-9935-0C8F294614DD} = {8F05F7CF-FF4B-4E36-A99D-959F98270E79}
		{7A911C75-2A40-4C79-85CC-C835E019D009} = {8F05F7CF-FF4B-4E36-A99D-959F98270E79}
		{C05F65ED-15CE-45D0-A996-247C4DF150DF} = {CA05C0C9-5293-4CFC-8B76-B0D9549532F4}
		{17D4BA05-9A46-4782-BE2D-1AF95F593575} = {9731F2CB-0B29-43DA-AB78-649FF7C6998E}
		{EA0F8F1A-4D40-4C9F-87FD-B76CD5CF2540} = {8F05F7CF-FF4B-4E36-A99D-959F98270E79}
		{D43E901B-500B-4821-AFE5-A2AD02109366} = {9731F2CB-0B29-43DA-AB78-649FF7C6998E}
		{87489F5E-5F2B-49A7-ADF7-1FA1996CD038} = {9731F2CB-0B29-43DA-AB78-649FF7C6998E}
		{255EC108-84FD-43A7-ADCD-B40B7CA759A5} = {8F05F7CF-FF4B-4E36-A99D-959F98270E79}
		{5A0DC0ED-9AF2-4C47-8AAE-697A40EAC3F3} = {C05F65ED-15CE-45D0-A996-247C4DF150DF}
		{79F9AD88-D910-44D8-A424-8C825A7D8090} = {C05F65ED-15CE-45D0-A996-247C4DF150DF}
		{4975B5F5-6659-4539-8C03-969B466F464A} = {C05F65ED-15CE-45D0-A996-247C4DF150DF}
		{6D19A267-76AE-491A-8579-FED5388A65B0} = {07E2A2B0-9D49-4C95-A770-94EC75755A30}
		{6D8EF173-E4D1-49D6-B4F0-07A708906303} = {07E2A2B0-9D49-4C95-A770-94EC75755A30}
		{229C906A-52E3-479C-9596-23B847C04151} = {07E2A2B0-9D49-4C95-A770-94EC75755A30}
		{55636DF6-607F-47FB-AFE4-10C39E80883C} = {07E2A2B0-9D49-4C95-A770-94EC75755A30}
		{73045EDC-4CDA-45D9-9168-3CF1605CA364} = {EA0F8F1A-4D40-4C9F-87FD-B76CD5CF2540}
		{852B733E-1D44-43A6-A96F-2086111F4985} = {EA0F8F1A-4D40-4C9F-87FD-B76CD5CF2540}
		{44CE4620-AB89-42EA-83F4-1B040ED683EA} = {EA0F8F1A-4D40-4C9F-87FD-B76CD5CF2540}
		{2CE69DDB-D0AB-4358-93A6-EEBC3C8D0435} = {EA0F8F1A-4D40-4C9F-87FD-B76CD5CF2540}
		{1AB47C54-C953-4618-9974-7393BA898D72} = {8F05F7CF-FF4B-4E36-A99D-959F98270E79}
		{2CD4622F-AC4F-4E39-8D1E-CD6918C38E84} = {1AB47C54-C953-4618-9974-7393BA898D72}
		{9C1FEB8C-1639-4F8C-9028-BD711EA8A175} = {1AB47C54-C953-4618-9974-7393BA898D72}
		{B5A90787-06B6-4594-9C82-2250345DA8F4} = {1AB47C54-C953-4618-9974-7393BA898D72}
		{6937F120-0D34-487F-A0AC-E7EA9C06C84C} = {1AB47C54-C953-4618-9974-7393BA898D72}
		{E882F121-61CC-453F-9C5C-00434EF0F66E} = {255EC108-84FD-43A7-ADCD-B40B7CA759A5}
		{7CBB6833-AF67-4BC5-8451-6A2DAD69B1B2} = {8F05F7CF-FF4B-4E36-A99D-959F98270E79}
		{638D3068-D78A-4BF9-B0FC-F1BE7DAE55DC} = {7CBB6833-AF67-4BC5-8451-6A2DAD69B1B2}
		{ECDDE968-AEFE-4ED4-BD3B-34F63162A5B6} = {7CBB6833-AF67-4BC5-8451-6A2DAD69B1B2}
		{1BF79E6C-C02A-412E-B466-80320C1E6500} = {7CBB6833-AF67-4BC5-8451-6A2DAD69B1B2}
		{E2D34E54-CB02-4B9A-B599-B7D82FC431F5} = {7CBB6833-AF67-4BC5-8451-6A2DAD69B1B2}
	EndGlobalSection
EndGlobal
